
Microsoft Visual Studio Solution File, Format Version 12.00
# Visual Studio Version 17
VisualStudioVersion = 17.11.35327.3
MinimumVisualStudioVersion = 10.0.40219.1
Project("{2150E333-8FDC-42A3-9474-1A3956D46DE8}") = "Solution Items", "Solution Items", "{D4E7669A-AA4A-4910-B9ED-705BC2F7D0F6}"
	ProjectSection(SolutionItems) = preProject
		.editorconfig = .editorconfig
	EndProjectSection
EndProject
Project("{9A19103F-16F7-4668-BE54-9A1E7A4F7556}") = "HubSpotIntegrate", "HubSpotIntegrate\HubSpotIntegrate.csproj", "{9DD60E0E-6125-408E-A9AE-237A54C65279}"
EndProject
Global
	GlobalSection(SolutionConfigurationPlatforms) = preSolution
		Debug|Any CPU = Debug|Any CPU
		Release|Any CPU = Release|Any CPU
	EndGlobalSection
	GlobalSection(ProjectConfigurationPlatforms) = postSolution
		{9DD60E0E-6125-408E-A9AE-237A54C65279}.Debug|Any CPU.ActiveCfg = Debug|Any CPU
		{9DD60E0E-6125-408E-A9AE-237A54C65279}.Debug|Any CPU.Build.0 = Debug|Any CPU
		{9DD60E0E-6125-408E-A9AE-237A54C65279}.Release|Any CPU.ActiveCfg = Release|Any CPU
		{9DD60E0E-6125-408E-A9AE-237A54C65279}.Release|Any CPU.Build.0 = Release|Any CPU
	EndGlobalSection
	GlobalSection(SolutionProperties) = preSolution
		HideSolutionNode = FALSE
	EndGlobalSection
	GlobalSection(ExtensibilityGlobals) = postSolution
		SolutionGuid = {AB6881A8-CDB9-4E21-A734-E5B8C584437F}
	EndGlobalSection
EndGlobal
